# THIS IS AN AUTOGENERATED FILE. DO NOT EDIT THIS FILE DIRECTLY.
# yarn lockfile v1


whitenoise@^0.0.1:
  version "0.0.1"
  resolved "https://registry.yarnpkg.com/whitenoise/-/whitenoise-0.0.1.tgz#552516a036d3c01ca7819869bdc80522ac2f2205"
  integrity sha512-doAG/PnQWImgIkt/mQiMpLe2xrFUeRs2X/bQn8xWkkMKXHzIBsHKlVYVZLUC3Lci+7Jpx/lmOjcglKmtKNzMaw==
